
Microsoft Visual Studio Solution File, Format Version 12.00
# Visual Studio Version 17
VisualStudioVersion = 17.5.33627.172
MinimumVisualStudioVersion = 10.0.40219.1
Project("{FAE04EC0-301F-11D3-BF4B-00C04F79EFBC}") = "janken", "janken\janken.csproj", "{6507B386-A22E-4206-8CE3-159165338D64}"
EndProject
Global
	GlobalSection(SolutionConfigurationPlatforms) = preSolution
		Debug|Any CPU = Debug|Any CPU
		Release|Any CPU = Release|Any CPU
	EndGlobalSection
	GlobalSection(ProjectConfigurationPlatforms) = postSolution
		{6507B386-A22E-4206-8CE3-159165338D64}.Debug|Any CPU.ActiveCfg = Debug|Any CPU
		{6507B386-A22E-4206-8CE3-159165338D64}.Debug|Any CPU.Build.0 = Debug|Any CPU
		{6507B386-A22E-4206-8CE3-159165338D64}.Release|Any CPU.ActiveCfg = Release|Any CPU
		{6507B386-A22E-4206-8CE3-159165338D64}.Release|Any CPU.Build.0 = Release|Any CPU
	EndGlobalSection
	GlobalSection(SolutionProperties) = preSolution
		HideSolutionNode = FALSE
	EndGlobalSection
	GlobalSection(ExtensibilityGlobals) = postSolution
		SolutionGuid = {DBFB0B22-6D3A-412B-805D-2A8C7832C45A}
	EndGlobalSection
EndGlobal
